
Microsoft Visual Studio Solution File, Format Version 12.00
# Visual Studio Version 17
VisualStudioVersion = 17.8.34322.80
MinimumVisualStudioVersion = 10.0.40219.1
Project("{9A19103F-16F7-4668-BE54-9A1E7A4F7556}") = "BlazorToDo", "BlazorToDo\BlazorToDo\BlazorToDo.csproj", "{71BE6608-4E3D-4EC6-92D9-E9D7B0139AB7}"
EndProject
Project("{9A19103F-16F7-4668-BE54-9A1E7A4F7556}") = "BlazorToDo.Client", "BlazorToDo\BlazorToDo.Client\BlazorToDo.Client.csproj", "{DEAC9946-7099-4D35-BC9C-09E793773B9B}"
EndProject
Global
	GlobalSection(SolutionConfigurationPlatforms) = preSolution
		Debug|Any CPU = Debug|Any CPU
		Release|Any CPU = Release|Any CPU
	EndGlobalSection
	GlobalSection(ProjectConfigurationPlatforms) = postSolution
		{71BE6608-4E3D-4EC6-92D9-E9D7B0139AB7}.Debug|Any CPU.ActiveCfg = Debug|Any CPU
		{71BE6608-4E3D-4EC6-92D9-E9D7B0139AB7}.Debug|Any CPU.Build.0 = Debug|Any CPU
		{71BE6608-4E3D-4EC6-92D9-E9D7B0139AB7}.Release|Any CPU.ActiveCfg = Release|Any CPU
		{71BE6608-4E3D-4EC6-92D9-E9D7B0139AB7}.Release|Any CPU.Build.0 = Release|Any CPU
		{DEAC9946-7099-4D35-BC9C-09E793773B9B}.Debug|Any CPU.ActiveCfg = Debug|Any CPU
		{DEAC9946-7099-4D35-BC9C-09E793773B9B}.Debug|Any CPU.Build.0 = Debug|Any CPU
		{DEAC9946-7099-4D35-BC9C-09E793773B9B}.Release|Any CPU.ActiveCfg = Release|Any CPU
		{DEAC9946-7099-4D35-BC9C-09E793773B9B}.Release|Any CPU.Build.0 = Release|Any CPU
	EndGlobalSection
	GlobalSection(SolutionProperties) = preSolution
		HideSolutionNode = FALSE
	EndGlobalSection
	GlobalSection(ExtensibilityGlobals) = postSolution
		SolutionGuid = {2D14A7D2-E914-46C2-ADC3-7A1193D14F55}
	EndGlobalSection
EndGlobal
